// !$*UTF8*$!
{
	archiveVersion = 1;
	classes = {
	};
	objectVersion = 55;
	objects = {

/* Begin PBXBuildFile section */
		84180E5528CB928C0077E8AB /* MemoryGame.swift in Sources */ = {isa = PBXBuildFile; fileRef = 84180E5428CB928C0077E8AB /* MemoryGame.swift */; };
		84180E5728CB946F0077E8AB /* EmojiMemoryGame.swift in Sources */ = {isa = PBXBuildFile; fileRef = 84180E5628CB946F0077E8AB /* EmojiMemoryGame.swift */; };
		84180E5928D386AA0077E8AB /* AspectVGrid.swift in Sources */ = {isa = PBXBuildFile; fileRef = 84180E5828D386AA0077E8AB /* AspectVGrid.swift */; };
		84180E5B28D3DE3A0077E8AB /* Pie.swift in Sources */ = {isa = PBXBuildFile; fileRef = 84180E5A28D3DE390077E8AB /* Pie.swift */; };
		84180E5D28D4B5750077E8AB /* Cardify.swift in Sources */ = {isa = PBXBuildFile; fileRef = 84180E5C28D4B5740077E8AB /* Cardify.swift */; };
		849C996328B9332A00356253 /* Memorize_swiftUI_stanfordApp.swift in Sources */ = {isa = PBXBuildFile; fileRef = 849C996228B9332A00356253 /* Memorize_swiftUI_stanfordApp.swift */; };
		849C996528B9332A00356253 /* EmojiMemoryGameView.swift in Sources */ = {isa = PBXBuildFile; fileRef = 849C996428B9332A00356253 /* EmojiMemoryGameView.swift */; };
		849C996728B9333200356253 /* Assets.xcassets in Resources */ = {isa = PBXBuildFile; fileRef = 849C996628B9333200356253 /* Assets.xcassets */; };
		849C996A28B9333200356253 /* Preview Assets.xcassets in Resources */ = {isa = PBXBuildFile; fileRef = 849C996928B9333200356253 /* Preview Assets.xcassets */; };
/* End PBXBuildFile section */

/* Begin PBXFileReference section */
		84180E5428CB928C0077E8AB /* MemoryGame.swift */ = {isa = PBXFileReference; lastKnownFileType = sourcecode.swift; path = MemoryGame.swift; sourceTree = "<group>"; };
		84180E5628CB946F0077E8AB /* EmojiMemoryGame.swift */ = {isa = PBXFileReference; lastKnownFileType = sourcecode.swift; path = EmojiMemoryGame.swift; sourceTree = "<group>"; };
		84180E5828D386AA0077E8AB /* AspectVGrid.swift */ = {isa = PBXFileReference; lastKnownFileType = sourcecode.swift; path = AspectVGrid.swift; sourceTree = "<group>"; };
		84180E5A28D3DE390077E8AB /* Pie.swift */ = {isa = PBXFileReference; lastKnownFileType = sourcecode.swift; path = Pie.swift; sourceTree = "<group>"; };
		84180E5C28D4B5740077E8AB /* Cardify.swift */ = {isa = PBXFileReference; lastKnownFileType = sourcecode.swift; path = Cardify.swift; sourceTree = "<group>"; };
		849C995F28B9332A00356253 /* Memorize_swiftUI_stanford.app */ = {isa = PBXFileReference; explicitFileType = wrapper.application; includeInIndex = 0; path = Memorize_swiftUI_stanford.app; sourceTree = BUILT_PRODUCTS_DIR; };
		849C996228B9332A00356253 /* Memorize_swiftUI_stanfordApp.swift */ = {isa = PBXFileReference; lastKnownFileType = sourcecode.swift; path = Memorize_swiftUI_stanfordApp.swift; sourceTree = "<group>"; };
		849C996428B9332A00356253 /* EmojiMemoryGameView.swift */ = {isa = PBXFileReference; lastKnownFileType = sourcecode.swift; path = EmojiMemoryGameView.swift; sourceTree = "<group>"; };
		849C996628B9333200356253 /* Assets.xcassets */ = {isa = PBXFileReference; lastKnownFileType = folder.assetcatalog; path = Assets.xcassets; sourceTree = "<group>"; };
		849C996928B9333200356253 /* Preview Assets.xcassets */ = {isa = PBXFileReference; lastKnownFileType = folder.assetcatalog; path = "Preview Assets.xcassets"; sourceTree = "<group>"; };
/* End PBXFileReference section */

/* Begin PBXFrameworksBuildPhase section */
		849C995C28B9332A00356253 /* Frameworks */ = {
			isa = PBXFrameworksBuildPhase;
			buildActionMask = 2147483647;
			files = (
			);
			runOnlyForDeploymentPostprocessing = 0;
		};
/* End PBXFrameworksBuildPhase section */

/* Begin PBXGroup section */
		849C995628B9332A00356253 = {
			isa = PBXGroup;
			children = (
				849C996128B9332A00356253 /* Memorize_swiftUI_stanford */,
				849C996028B9332A00356253 /* Products */,
			);
			sourceTree = "<group>";
		};
		849C996028B9332A00356253 /* Products */ = {
			isa = PBXGroup;
			children = (
				849C995F28B9332A00356253 /* Memorize_swiftUI_stanford.app */,
			);
			name = Products;
			sourceTree = "<group>";
		};
		849C996128B9332A00356253 /* Memorize_swiftUI_stanford */ = {
			isa = PBXGroup;
			children = (
				849C996228B9332A00356253 /* Memorize_swiftUI_stanfordApp.swift */,
				849C996428B9332A00356253 /* EmojiMemoryGameView.swift */,
				84180E5428CB928C0077E8AB /* MemoryGame.swift */,
				84180E5628CB946F0077E8AB /* EmojiMemoryGame.swift */,
				84180E5828D386AA0077E8AB /* AspectVGrid.swift */,
				84180E5A28D3DE390077E8AB /* Pie.swift */,
				84180E5C28D4B5740077E8AB /* Cardify.swift */,
				849C996628B9333200356253 /* Assets.xcassets */,
				849C996828B9333200356253 /* Preview Content */,
			);
			path = Memorize_swiftUI_stanford;
			sourceTree = "<group>";
		};
		849C996828B9333200356253 /* Preview Content */ = {
			isa = PBXGroup;
			children = (
				849C996928B9333200356253 /* Preview Assets.xcassets */,
			);
			path = "Preview Content";
			sourceTree = "<group>";
		};
/* End PBXGroup section */

/* Begin PBXNativeTarget section */
		849C995E28B9332A00356253 /* Memorize_swiftUI_stanford */ = {
			isa = PBXNativeTarget;
			buildConfigurationList = 849C996D28B9333200356253 /* Build configuration list for PBXNativeTarget "Memorize_swiftUI_stanford" */;
			buildPhases = (
				849C995B28B9332A00356253 /* Sources */,
				849C995C28B9332A00356253 /* Frameworks */,
				849C995D28B9332A00356253 /* Resources */,
			);
			buildRules = (
			);
			dependencies = (
			);
			name = Memorize_swiftUI_stanford;
			productName = Memorize_swiftUI_stanford;
			productReference = 849C995F28B9332A00356253 /* Memorize_swiftUI_stanford.app */;
			productType = "com.apple.product-type.application";
		};
/* End PBXNativeTarget section */

/* Begin PBXProject section */
		849C995728B9332A00356253 /* Project object */ = {
			isa = PBXProject;
			attributes = {
				BuildIndependentTargetsInParallel = 1;
				LastSwiftUpdateCheck = 1320;
				LastUpgradeCheck = 1320;
				TargetAttributes = {
					849C995E28B9332A00356253 = {
						CreatedOnToolsVersion = 13.2.1;
					};
				};
			};
			buildConfigurationList = 849C995A28B9332A00356253 /* Build configuration list for PBXProject "Memorize_swiftUI_stanford" */;
			compatibilityVersion = "Xcode 13.0";
			developmentRegion = en;
			hasScannedForEncodings = 0;
			knownRegions = (
				en,
				Base,
			);
			mainGroup = 849C995628B9332A00356253;
			productRefGroup = 849C996028B9332A00356253 /* Products */;
			projectDirPath = "";
			projectRoot = "";
			targets = (
				849C995E28B9332A00356253 /* Memorize_swiftUI_stanford */,
			);
		};
/* End PBXProject section */

/* Begin PBXResourcesBuildPhase section */
		849C995D28B9332A00356253 /* Resources */ = {
			isa = PBXResourcesBuildPhase;
			buildActionMask = 2147483647;
			files = (
				849C996A28B9333200356253 /* Preview Assets.xcassets in Resources */,
				849C996728B9333200356253 /* Assets.xcassets in Resources */,
			);
			runOnlyForDeploymentPostprocessing = 0;
		};
/* End PBXResourcesBuildPhase section */

/* Begin PBXSourcesBuildPhase section */
		849C995B28B9332A00356253 /* Sources */ = {
			isa = PBXSourcesBuildPhase;
			buildActionMask = 2147483647;
			files = (
				84180E5B28D3DE3A0077E8AB /* Pie.swift in Sources */,
				84180E5D28D4B5750077E8AB /* Cardify.swift in Sources */,
				84180E5528CB928C0077E8AB /* MemoryGame.swift in Sources */,
				849C996528B9332A00356253 /* EmojiMemoryGameView.swift in Sources */,
				849C996328B9332A00356253 /* Memorize_swiftUI_stanfordApp.swift in Sources */,
				84180E5928D386AA0077E8AB /* AspectVGrid.swift in Sources */,
				84180E5728CB946F0077E8AB /* EmojiMemoryGame.swift in Sources */,
			);
			runOnlyForDeploymentPostprocessing = 0;
		};
/* End PBXSourcesBuildPhase section */

/* Begin XCBuildConfiguration section */
		849C996B28B9333200356253 /* Debug */ = {
			isa = XCBuildConfiguration;
			buildSettings = {
				ALWAYS_SEARCH_USER_PATHS = NO;
				CLANG_ANALYZER_NONNULL = YES;
				CLANG_ANALYZER_NUMBER_OBJECT_CONVERSION = YES_AGGRESSIVE;
				CLANG_CXX_LANGUAGE_STANDARD = "gnu++17";
				CLANG_CXX_LIBRARY = "libc++";
				CLANG_ENABLE_MODULES = YES;
				CLANG_ENABLE_OBJC_ARC = YES;
				CLANG_ENABLE_OBJC_WEAK = YES;
				CLANG_WARN_BLOCK_CAPTURE_AUTORELEASING = YES;
				CLANG_WARN_BOOL_CONVERSION = YES;
				CLANG_WARN_COMMA = YES;
				CLANG_WARN_CONSTANT_CONVERSION = YES;
				CLANG_WARN_DEPRECATED_OBJC_IMPLEMENTATIONS = YES;
				CLANG_WARN_DIRECT_OBJC_ISA_USAGE = YES_ERROR;
				CLANG_WARN_DOCUMENTATION_COMMENTS = YES;
				CLANG_WARN_EMPTY_BODY = YES;
				CLANG_WARN_ENUM_CONVERSION = YES;
				CLANG_WARN_INFINITE_RECURSION = YES;
				CLANG_WARN_INT_CONVERSION = YES;
				CLANG_WARN_NON_LITERAL_NULL_CONVERSION = YES;
				CLANG_WARN_OBJC_IMPLICIT_RETAIN_SELF = YES;
				CLANG_WARN_OBJC_LITERAL_CONVERSION = YES;
				CLANG_WARN_OBJC_ROOT_CLASS = YES_ERROR;
				CLANG_WARN_QUOTED_INCLUDE_IN_FRAMEWORK_HEADER = YES;
				CLANG_WARN_RANGE_LOOP_ANALYSIS = YES;
				CLANG_WARN_STRICT_PROTOTYPES = YES;
				CLANG_WARN_SUSPICIOUS_MOVE = YES;
				CLANG_WARN_UNGUARDED_AVAILABILITY = YES_AGGRESSIVE;
				CLANG_WARN_UNREACHABLE_CODE = YES;
				CLANG_WARN__DUPLICATE_METHOD_MATCH = YES;
				COPY_PHASE_STRIP = NO;
				DEBUG_INFORMATION_FORMAT = dwarf;
				ENABLE_STRICT_OBJC_MSGSEND = YES;
				ENABLE_TESTABILITY = YES;
				GCC_C_LANGUAGE_STANDARD = gnu11;
				GCC_DYNAMIC_NO_PIC = NO;
				GCC_NO_COMMON_BLOCKS = YES;
				GCC_OPTIMIZATION_LEVEL = 0;
				GCC_PREPROCESSOR_DEFINITIONS = (
					"DEBUG=1",
					"$(inherited)",
				);
				GCC_WARN_64_TO_32_BIT_CONVERSION = YES;
				GCC_WARN_ABOUT_RETURN_TYPE = YES_ERROR;
				GCC_WARN_UNDECLARED_SELECTOR = YES;
				GCC_WARN_UNINITIALIZED_AUTOS = YES_AGGRESSIVE;
				GCC_WARN_UNUSED_FUNCTION = YES;
				GCC_WARN_UNUSED_VARIABLE = YES;
				IPHONEOS_DEPLOYMENT_TARGET = 15.2;
				MTL_ENABLE_DEBUG_INFO = INCLUDE_SOURCE;
				MTL_FAST_MATH = YES;
				ONLY_ACTIVE_ARCH = YES;
				SDKROOT = iphoneos;
				SWIFT_ACTIVE_COMPILATION_CONDITIONS = DEBUG;
				SWIFT_OPTIMIZATION_LEVEL = "-Onone";
			};
			name = Debug;
		};
		849C996C28B9333200356253 /* Release */ = {
			isa = XCBuildConfiguration;
			buildSettings = {
				ALWAYS_SEARCH_USER_PATHS = NO;
				CLANG_ANALYZER_NONNULL = YES;
				CLANG_ANALYZER_NUMBER_OBJECT_CONVERSION = YES_AGGRESSIVE;
				CLANG_CXX_LANGUAGE_STANDARD = "gnu++17";
				CLANG_CXX_LIBRARY = "libc++";
				CLANG_ENABLE_MODULES = YES;
				CLANG_ENABLE_OBJC_ARC = YES;
				CLANG_ENABLE_OBJC_WEAK = YES;
				CLANG_WARN_BLOCK_CAPTURE_AUTORELEASING = YES;
				CLANG_WARN_BOOL_CONVERSION = YES;
				CLANG_WARN_COMMA = YES;
				CLANG_WARN_CONSTANT_CONVERSION = YES;
				CLANG_WARN_DEPRECATED_OBJC_IMPLEMENTATIONS = YES;
				CLANG_WARN_DIRECT_OBJC_ISA_USAGE = YES_ERROR;
				CLANG_WARN_DOCUMENTATION_COMMENTS = YES;
				CLANG_WARN_EMPTY_BODY = YES;
				CLANG_WARN_ENUM_CONVERSION = YES;
				CLANG_WARN_INFINITE_RECURSION = YES;
				CLANG_WARN_INT_CONVERSION = YES;
				CLANG_WARN_NON_LITERAL_NULL_CONVERSION = YES;
				CLANG_WARN_OBJC_IMPLICIT_RETAIN_SELF = YES;
				CLANG_WARN_OBJC_LITERAL_CONVERSION = YES;
				CLANG_WARN_OBJC_ROOT_CLASS = YES_ERROR;
				CLANG_WARN_QUOTED_INCLUDE_IN_FRAMEWORK_HEADER = YES;
				CLANG_WARN_RANGE_LOOP_ANALYSIS = YES;
				CLANG_WARN_STRICT_PROTOTYPES = YES;
				CLANG_WARN_SUSPICIOUS_MOVE = YES;
				CLANG_WARN_UNGUARDED_AVAILABILITY = YES_AGGRESSIVE;
				CLANG_WARN_UNREACHABLE_CODE = YES;
				CLANG_WARN__DUPLICATE_METHOD_MATCH = YES;
				COPY_PHASE_STRIP = NO;
				DEBUG_INFORMATION_FORMAT = "dwarf-with-dsym";
				ENABLE_NS_ASSERTIONS = NO;
				ENABLE_STRICT_OBJC_MSGSEND = YES;
				GCC_C_LANGUAGE_STANDARD = gnu11;
				GCC_NO_COMMON_BLOCKS = YES;
				GCC_WARN_64_TO_32_BIT_CONVERSION = YES;
				GCC_WARN_ABOUT_RETURN_TYPE = YES_ERROR;
				GCC_WARN_UNDECLARED_SELECTOR = YES;
				GCC_WARN_UNINITIALIZED_AUTOS = YES_AGGRESSIVE;
				GCC_WARN_UNUSED_FUNCTION = YES;
				GCC_WARN_UNUSED_VARIABLE = YES;
				IPHONEOS_DEPLOYMENT_TARGET = 15.2;
				MTL_ENABLE_DEBUG_INFO = NO;
				MTL_FAST_MATH = YES;
				SDKROOT = iphoneos;
				SWIFT_COMPILATION_MODE = wholemodule;
				SWIFT_OPTIMIZATION_LEVEL = "-O";
				VALIDATE_PRODUCT = YES;
			};
			name = Release;
		};
		849C996E28B9333200356253 /* Debug */ = {
			isa = XCBuildConfiguration;
			buildSettings = {
				ASSETCATALOG_COMPILER_APPICON_NAME = AppIcon;
				ASSETCATALOG_COMPILER_GLOBAL_ACCENT_COLOR_NAME = AccentColor;
				CODE_SIGN_STYLE = Automatic;
				CURRENT_PROJECT_VERSION = 1;
				DEVELOPMENT_ASSET_PATHS = "\"Memorize_swiftUI_stanford/Preview Content\"";
				DEVELOPMENT_TEAM = 98XHUX3GU4;
				ENABLE_PREVIEWS = YES;
				GENERATE_INFOPLIST_FILE = YES;
				INFOPLIST_KEY_UIApplicationSceneManifest_Generation = YES;
				INFOPLIST_KEY_UIApplicationSupportsIndirectInputEvents = YES;
				INFOPLIST_KEY_UILaunchScreen_Generation = YES;
				INFOPLIST_KEY_UISupportedInterfaceOrientations_iPad = "UIInterfaceOrientationPortrait UIInterfaceOrientationPortraitUpsideDown UIInterfaceOrientationLandscapeLeft UIInterfaceOrientationLandscapeRight";
				INFOPLIST_KEY_UISupportedInterfaceOrientations_iPhone = "UIInterfaceOrientationPortrait UIInterfaceOrientationLandscapeLeft UIInterfaceOrientationLandscapeRight";
				LD_RUNPATH_SEARCH_PATHS = (
					"$(inherited)",
					"@executable_path/Frameworks",
				);
				MARKETING_VERSION = 1.0;
				PRODUCT_BUNDLE_IDENTIFIER = "com-gmail.semyzhenko.julia.Memorize-swiftUI-stanford";
				PRODUCT_NAME = "$(TARGET_NAME)";
				SWIFT_EMIT_LOC_STRINGS = YES;
				SWIFT_VERSION = 5.0;
				TARGETED_DEVICE_FAMILY = "1,2";
			};
			name = Debug;
		};
		849C996F28B9333200356253 /* Release */ = {
			isa = XCBuildConfiguration;
			buildSettings = {
				ASSETCATALOG_COMPILER_APPICON_NAME = AppIcon;
				ASSETCATALOG_COMPILER_GLOBAL_ACCENT_COLOR_NAME = AccentColor;
				CODE_SIGN_STYLE = Automatic;
				CURRENT_PROJECT_VERSION = 1;
				DEVELOPMENT_ASSET_PATHS = "\"Memorize_swiftUI_stanford/Preview Content\"";
				DEVELOPMENT_TEAM = 98XHUX3GU4;
				ENABLE_PREVIEWS = YES;
				GENERATE_INFOPLIST_FILE = YES;
				INFOPLIST_KEY_UIApplicationSceneManifest_Generation = YES;
				INFOPLIST_KEY_UIApplicationSupportsIndirectInputEvents = YES;
				INFOPLIST_KEY_UILaunchScreen_Generation = YES;
				INFOPLIST_KEY_UISupportedInterfaceOrientations_iPad = "UIInterfaceOrientationPortrait UIInterfaceOrientationPortraitUpsideDown UIInterfaceOrientationLandscapeLeft UIInterfaceOrientationLandscapeRight";
				INFOPLIST_KEY_UISupportedInterfaceOrientations_iPhone = "UIInterfaceOrientationPortrait UIInterfaceOrientationLandscapeLeft UIInterfaceOrientationLandscapeRight";
				LD_RUNPATH_SEARCH_PATHS = (
					"$(inherited)",
					"@executable_path/Frameworks",
				);
				MARKETING_VERSION = 1.0;
				PRODUCT_BUNDLE_IDENTIFIER = "com-gmail.semyzhenko.julia.Memorize-swiftUI-stanford";
				PRODUCT_NAME = "$(TARGET_NAME)";
				SWIFT_EMIT_LOC_STRINGS = YES;
				SWIFT_VERSION = 5.0;
				TARGETED_DEVICE_FAMILY = "1,2";
			};
			name = Release;
		};
/* End XCBuildConfiguration section */

/* Begin XCConfigurationList section */
		849C995A28B9332A00356253 /* Build configuration list for PBXProject "Memorize_swiftUI_stanford" */ = {
			isa = XCConfigurationList;
			buildConfigurations = (
				849C996B28B9333200356253 /* Debug */,
				849C996C28B9333200356253 /* Release */,
			);
			defaultConfigurationIsVisible = 0;
			defaultConfigurationName = Release;
		};
		849C996D28B9333200356253 /* Build configuration list for PBXNativeTarget "Memorize_swiftUI_stanford" */ = {
			isa = XCConfigurationList;
			buildConfigurations = (
				849C996E28B9333200356253 /* Debug */,
				849C996F28B9333200356253 /* Release */,
			);
			defaultConfigurationIsVisible = 0;
			defaultConfigurationName = Release;
		};
/* End XCConfigurationList section */
	};
	rootObject = 849C995728B9332A00356253 /* Project object */;
}
